
Microsoft Visual Studio Solution File, Format Version 12.00
# Visual Studio Version 17
VisualStudioVersion = 17.3.32929.385
MinimumVisualStudioVersion = 10.0.40219.1
Project("{9A19103F-16F7-4668-BE54-9A1E7A4F7556}") = "Calculator", "Calculator\Calculator.csproj", "{9CABB6DD-6402-4F1E-BEA3-D902BD1EA2F1}"
EndProject
Project("{FAE04EC0-301F-11D3-BF4B-00C04F79EFBC}") = "CalculatorTest", "CalculatorTest\CalculatorTest.csproj", "{0651F95F-16B9-4C28-8236-A2B1B10FE221}"
EndProject
Global
	GlobalSection(SolutionConfigurationPlatforms) = preSolution
		Debug|Any CPU = Debug|Any CPU
		Release|Any CPU = Release|Any CPU
	EndGlobalSection
	GlobalSection(ProjectConfigurationPlatforms) = postSolution
		{9CABB6DD-6402-4F1E-BEA3-D902BD1EA2F1}.Debug|Any CPU.ActiveCfg = Debug|Any CPU
		{9CABB6DD-6402-4F1E-BEA3-D902BD1EA2F1}.Debug|Any CPU.Build.0 = Debug|Any CPU
		{9CABB6DD-6402-4F1E-BEA3-D902BD1EA2F1}.Release|Any CPU.ActiveCfg = Release|Any CPU
		{9CABB6DD-6402-4F1E-BEA3-D902BD1EA2F1}.Release|Any CPU.Build.0 = Release|Any CPU
		{0651F95F-16B9-4C28-8236-A2B1B10FE221}.Debug|Any CPU.ActiveCfg = Debug|Any CPU
		{0651F95F-16B9-4C28-8236-A2B1B10FE221}.Debug|Any CPU.Build.0 = Debug|Any CPU
		{0651F95F-16B9-4C28-8236-A2B1B10FE221}.Release|Any CPU.ActiveCfg = Release|Any CPU
		{0651F95F-16B9-4C28-8236-A2B1B10FE221}.Release|Any CPU.Build.0 = Release|Any CPU
	EndGlobalSection
	GlobalSection(SolutionProperties) = preSolution
		HideSolutionNode = FALSE
	EndGlobalSection
	GlobalSection(ExtensibilityGlobals) = postSolution
		SolutionGuid = {B9253608-79A8-4C9D-9A2F-F310C6484410}
	EndGlobalSection
EndGlobal
